
Microsoft Visual Studio Solution File, Format Version 12.00
# Visual Studio 15
VisualStudioVersion = 15.0.27703.2047
MinimumVisualStudioVersion = 10.0.40219.1
Project("{FAE04EC0-301F-11D3-BF4B-00C04F79EFBC}") = "DQN", "DQN\DQN.csproj", "{CF2C6D23-C9AE-4761-ABFE-581C1E3528A5}"
EndProject
Project("{FAE04EC0-301F-11D3-BF4B-00C04F79EFBC}") = "NeuralNetwork", "NeuralNetwork\NeuralNetwork.csproj", "{45026F14-DB61-45F1-9FCD-CDE2E64DCAEF}"
EndProject
Project("{FAE04EC0-301F-11D3-BF4B-00C04F79EFBC}") = "Roland.MatrixMath", "Matrix\Roland.MatrixMath.csproj", "{9DFA353A-BB32-487A-A2D8-66F9D44793E1}"
EndProject
Global
	GlobalSection(SolutionConfigurationPlatforms) = preSolution
		Debug|Any CPU = Debug|Any CPU
		Release|Any CPU = Release|Any CPU
	EndGlobalSection
	GlobalSection(ProjectConfigurationPlatforms) = postSolution
		{CF2C6D23-C9AE-4761-ABFE-581C1E3528A5}.Debug|Any CPU.ActiveCfg = Debug|Any CPU
		{CF2C6D23-C9AE-4761-ABFE-581C1E3528A5}.Debug|Any CPU.Build.0 = Debug|Any CPU
		{CF2C6D23-C9AE-4761-ABFE-581C1E3528A5}.Release|Any CPU.ActiveCfg = Release|Any CPU
		{CF2C6D23-C9AE-4761-ABFE-581C1E3528A5}.Release|Any CPU.Build.0 = Release|Any CPU
		{45026F14-DB61-45F1-9FCD-CDE2E64DCAEF}.Debug|Any CPU.ActiveCfg = Debug|Any CPU
		{45026F14-DB61-45F1-9FCD-CDE2E64DCAEF}.Debug|Any CPU.Build.0 = Debug|Any CPU
		{45026F14-DB61-45F1-9FCD-CDE2E64DCAEF}.Release|Any CPU.ActiveCfg = Release|Any CPU
		{45026F14-DB61-45F1-9FCD-CDE2E64DCAEF}.Release|Any CPU.Build.0 = Release|Any CPU
		{9DFA353A-BB32-487A-A2D8-66F9D44793E1}.Debug|Any CPU.ActiveCfg = Debug|Any CPU
		{9DFA353A-BB32-487A-A2D8-66F9D44793E1}.Debug|Any CPU.Build.0 = Debug|Any CPU
		{9DFA353A-BB32-487A-A2D8-66F9D44793E1}.Release|Any CPU.ActiveCfg = Release|Any CPU
		{9DFA353A-BB32-487A-A2D8-66F9D44793E1}.Release|Any CPU.Build.0 = Release|Any CPU
	EndGlobalSection
	GlobalSection(SolutionProperties) = preSolution
		HideSolutionNode = FALSE
	EndGlobalSection
	GlobalSection(ExtensibilityGlobals) = postSolution
		SolutionGuid = {4DD3587B-4477-4924-81B6-62839D3DF438}
	EndGlobalSection
EndGlobal
